<Solution>
  <Folder Name="/src/">
    <Project Path="src/backend/Tap.Core/Tap.Core.csproj" />
    <Project Path="src/backend/Tap.Hosting/Tap.Hosting.csproj" />
    <Project Path="src/backend/Tap.Server/Tap.Server.csproj" />
    <Project Path="src/backend/Tap.Cli/Tap.Cli.csproj" />
    <Project Path="src/backend/Tap.Workspace/Tap.Workspace.csproj" />
    <Project Path="src/backend/Tap.Execution/Tap.Execution.csproj" />
    <Project Path="src/backend/Tap.Studio/Tap.Studio.csproj" />
    <Project Path="src/backend/Tap.Studio.Cli/Tap.Studio.Cli.csproj" />
    <Project Path="src/backend/Tap.Studio.Mcp/Tap.Studio.Mcp.csproj" />
    <Project Path="src/backend/Tap.Tests/Tap.Tests.csproj" />
  </Folder>
  <Folder Name="/samples/">
    <Project Path="samples/Demo.Api/Demo.Api.csproj" />
    <Project Path="samples/Sample.Api/Sample.Api.csproj" />
    <Project Path="samples/Sample.AppHost/Sample.AppHost.csproj" />
    <Project Path="samples/Studio.AppHost/Studio.AppHost.csproj" />
  </Folder>
</Solution>
